
Microsoft Visual Studio Solution File, Format Version 12.00
# Visual Studio Version 16
VisualStudioVersion = 16.0.30523.141
MinimumVisualStudioVersion = 10.0.40219.1
Project("{FAE04EC0-301F-11D3-BF4B-00C04F79EFBC}") = "hippieIDE", "hippieIDE\hippieIDE.csproj", "{50741646-C8D3-4136-936C-3E9061B67D67}"
EndProject
Global
	GlobalSection(SolutionConfigurationPlatforms) = preSolution
		Debug|Any CPU = Debug|Any CPU
		Release|Any CPU = Release|Any CPU
	EndGlobalSection
	GlobalSection(ProjectConfigurationPlatforms) = postSolution
		{50741646-C8D3-4136-936C-3E9061B67D67}.Debug|Any CPU.ActiveCfg = Debug|Any CPU
		{50741646-C8D3-4136-936C-3E9061B67D67}.Debug|Any CPU.Build.0 = Debug|Any CPU
		{50741646-C8D3-4136-936C-3E9061B67D67}.Release|Any CPU.ActiveCfg = Release|Any CPU
		{50741646-C8D3-4136-936C-3E9061B67D67}.Release|Any CPU.Build.0 = Release|Any CPU
	EndGlobalSection
	GlobalSection(SolutionProperties) = preSolution
		HideSolutionNode = FALSE
	EndGlobalSection
	GlobalSection(ExtensibilityGlobals) = postSolution
		SolutionGuid = {08C16B59-2A44-4A61-9FBF-65F69269E55B}
	EndGlobalSection
EndGlobal
